
Microsoft Visual Studio Solution File, Format Version 12.00
# Visual Studio Version 16
VisualStudioVersion = 16.0.30611.23
MinimumVisualStudioVersion = 10.0.40219.1
Project("{9A19103F-16F7-4668-BE54-9A1E7A4F7556}") = "MoodAnalyzerProgram", "MoodAnalyzerProgram\MoodAnalyzerProgram.csproj", "{68444CED-CA23-4356-9293-890E13354727}"
EndProject
Project("{FAE04EC0-301F-11D3-BF4B-00C04F79EFBC}") = "UnitTestMood1", "UnitTestMood1\UnitTestMood1.csproj", "{EA6E8F35-CEE3-47C3-9C2E-D9ECC03D9651}"
EndProject
Global
	GlobalSection(SolutionConfigurationPlatforms) = preSolution
		Debug|Any CPU = Debug|Any CPU
		Release|Any CPU = Release|Any CPU
	EndGlobalSection
	GlobalSection(ProjectConfigurationPlatforms) = postSolution
		{68444CED-CA23-4356-9293-890E13354727}.Debug|Any CPU.ActiveCfg = Debug|Any CPU
		{68444CED-CA23-4356-9293-890E13354727}.Debug|Any CPU.Build.0 = Debug|Any CPU
		{68444CED-CA23-4356-9293-890E13354727}.Release|Any CPU.ActiveCfg = Release|Any CPU
		{68444CED-CA23-4356-9293-890E13354727}.Release|Any CPU.Build.0 = Release|Any CPU
		{EA6E8F35-CEE3-47C3-9C2E-D9ECC03D9651}.Debug|Any CPU.ActiveCfg = Debug|Any CPU
		{EA6E8F35-CEE3-47C3-9C2E-D9ECC03D9651}.Debug|Any CPU.Build.0 = Debug|Any CPU
		{EA6E8F35-CEE3-47C3-9C2E-D9ECC03D9651}.Release|Any CPU.ActiveCfg = Release|Any CPU
		{EA6E8F35-CEE3-47C3-9C2E-D9ECC03D9651}.Release|Any CPU.Build.0 = Release|Any CPU
	EndGlobalSection
	GlobalSection(SolutionProperties) = preSolution
		HideSolutionNode = FALSE
	EndGlobalSection
	GlobalSection(ExtensibilityGlobals) = postSolution
		SolutionGuid = {F42D092C-BC82-4826-91DD-B8B867F8A42A}
	EndGlobalSection
EndGlobal
